
Microsoft Visual Studio Solution File, Format Version 12.00
# Visual Studio Version 16
VisualStudioVersion = 16.0.35425.106
MinimumVisualStudioVersion = 10.0.40219.1
Project("{8BC9CEB8-8B4A-11D0-8D11-00A0C91BC942}") = "CplusplusClass", "CplusplusClass\CplusplusClass.vcxproj", "{BD7A44E8-E902-4F1F-81ED-A7E070AB0368}"
EndProject
Project("{8BC9CEB8-8B4A-11D0-8D11-00A0C91BC942}") = "CplusplusBasic", "CplusplusBasic\CplusplusBasic.vcxproj", "{264AE57C-8C47-4A60-A48C-DB6B70DED509}"
EndProject
Project("{8BC9CEB8-8B4A-11D0-8D11-00A0C91BC942}") = "CplusplusIOstream", "CplusplusIOstream\CplusplusIOstream.vcxproj", "{812AE697-8673-43F3-A1F7-14AAA2DCCE51}"
EndProject
Project("{8BC9CEB8-8B4A-11D0-8D11-00A0C91BC942}") = "04-职工管理系统", "04-职工管理系统\04-职工管理系统.vcxproj", "{D2F05526-A273-49BF-A5F7-05BE9D0ED39B}"
EndProject
Project("{8BC9CEB8-8B4A-11D0-8D11-00A0C91BC942}") = "05-CplusplusTemplate", "05-CplusplusTemplate\05-CplusplusTemplate.vcxproj", "{F6B0C691-76E5-4FD1-B5CC-7C54F53CCBF1}"
EndProject
Global
	GlobalSection(SolutionConfigurationPlatforms) = preSolution
		Debug|x64 = Debug|x64
		Debug|x86 = Debug|x86
		Release|x64 = Release|x64
		Release|x86 = Release|x86
	EndGlobalSection
	GlobalSection(ProjectConfigurationPlatforms) = postSolution
		{BD7A44E8-E902-4F1F-81ED-A7E070AB0368}.Debug|x64.ActiveCfg = Debug|x64
		{BD7A44E8-E902-4F1F-81ED-A7E070AB0368}.Debug|x64.Build.0 = Debug|x64
		{BD7A44E8-E902-4F1F-81ED-A7E070AB0368}.Debug|x86.ActiveCfg = Debug|Win32
		{BD7A44E8-E902-4F1F-81ED-A7E070AB0368}.Debug|x86.Build.0 = Debug|Win32
		{BD7A44E8-E902-4F1F-81ED-A7E070AB0368}.Release|x64.ActiveCfg = Release|x64
		{BD7A44E8-E902-4F1F-81ED-A7E070AB0368}.Release|x64.Build.0 = Release|x64
		{BD7A44E8-E902-4F1F-81ED-A7E070AB0368}.Release|x86.ActiveCfg = Release|Win32
		{BD7A44E8-E902-4F1F-81ED-A7E070AB0368}.Release|x86.Build.0 = Release|Win32
		{264AE57C-8C47-4A60-A48C-DB6B70DED509}.Debug|x64.ActiveCfg = Debug|x64
		{264AE57C-8C47-4A60-A48C-DB6B70DED509}.Debug|x64.Build.0 = Debug|x64
		{264AE57C-8C47-4A60-A48C-DB6B70DED509}.Debug|x86.ActiveCfg = Debug|Win32
		{264AE57C-8C47-4A60-A48C-DB6B70DED509}.Debug|x86.Build.0 = Debug|Win32
		{264AE57C-8C47-4A60-A48C-DB6B70DED509}.Release|x64.ActiveCfg = Release|x64
		{264AE57C-8C47-4A60-A48C-DB6B70DED509}.Release|x64.Build.0 = Release|x64
		{264AE57C-8C47-4A60-A48C-DB6B70DED509}.Release|x86.ActiveCfg = Release|Win32
		{264AE57C-8C47-4A60-A48C-DB6B70DED509}.Release|x86.Build.0 = Release|Win32
		{812AE697-8673-43F3-A1F7-14AAA2DCCE51}.Debug|x64.ActiveCfg = Debug|x64
		{812AE697-8673-43F3-A1F7-14AAA2DCCE51}.Debug|x64.Build.0 = Debug|x64
		{812AE697-8673-43F3-A1F7-14AAA2DCCE51}.Debug|x86.ActiveCfg = Debug|Win32
		{812AE697-8673-43F3-A1F7-14AAA2DCCE51}.Debug|x86.Build.0 = Debug|Win32
		{812AE697-8673-43F3-A1F7-14AAA2DCCE51}.Release|x64.ActiveCfg = Release|x64
		{812AE697-8673-43F3-A1F7-14AAA2DCCE51}.Release|x64.Build.0 = Release|x64
		{812AE697-8673-43F3-A1F7-14AAA2DCCE51}.Release|x86.ActiveCfg = Release|Win32
		{812AE697-8673-43F3-A1F7-14AAA2DCCE51}.Release|x86.Build.0 = Release|Win32
		{D2F05526-A273-49BF-A5F7-05BE9D0ED39B}.Debug|x64.ActiveCfg = Debug|x64
		{D2F05526-A273-49BF-A5F7-05BE9D0ED39B}.Debug|x64.Build.0 = Debug|x64
		{D2F05526-A273-49BF-A5F7-05BE9D0ED39B}.Debug|x86.ActiveCfg = Debug|Win32
		{D2F05526-A273-49BF-A5F7-05BE9D0ED39B}.Debug|x86.Build.0 = Debug|Win32
		{D2F05526-A273-49BF-A5F7-05BE9D0ED39B}.Release|x64.ActiveCfg = Release|x64
		{D2F05526-A273-49BF-A5F7-05BE9D0ED39B}.Release|x64.Build.0 = Release|x64
		{D2F05526-A273-49BF-A5F7-05BE9D0ED39B}.Release|x86.ActiveCfg = Release|Win32
		{D2F05526-A273-49BF-A5F7-05BE9D0ED39B}.Release|x86.Build.0 = Release|Win32
		{F6B0C691-76E5-4FD1-B5CC-7C54F53CCBF1}.Debug|x64.ActiveCfg = Debug|x64
		{F6B0C691-76E5-4FD1-B5CC-7C54F53CCBF1}.Debug|x64.Build.0 = Debug|x64
		{F6B0C691-76E5-4FD1-B5CC-7C54F53CCBF1}.Debug|x86.ActiveCfg = Debug|Win32
		{F6B0C691-76E5-4FD1-B5CC-7C54F53CCBF1}.Debug|x86.Build.0 = Debug|Win32
		{F6B0C691-76E5-4FD1-B5CC-7C54F53CCBF1}.Release|x64.ActiveCfg = Release|x64
		{F6B0C691-76E5-4FD1-B5CC-7C54F53CCBF1}.Release|x64.Build.0 = Release|x64
		{F6B0C691-76E5-4FD1-B5CC-7C54F53CCBF1}.Release|x86.ActiveCfg = Release|Win32
		{F6B0C691-76E5-4FD1-B5CC-7C54F53CCBF1}.Release|x86.Build.0 = Release|Win32
	EndGlobalSection
	GlobalSection(SolutionProperties) = preSolution
		HideSolutionNode = FALSE
	EndGlobalSection
	GlobalSection(ExtensibilityGlobals) = postSolution
		SolutionGuid = {68626C80-8127-459B-A443-FDDEDDE8FA22}
	EndGlobalSection
EndGlobal
